# THIS IS AN AUTOGENERATED FILE. DO NOT EDIT THIS FILE DIRECTLY.
# yarn lockfile v1


"@stimulus-components/rails-nested-form@^5.0.0":
  version "5.0.0"
  resolved "https://registry.yarnpkg.com/@stimulus-components/rails-nested-form/-/rails-nested-form-5.0.0.tgz#b443ad8ba5220328cfd704ca956ebf95ab8c4848"
  integrity sha512-qrmmurT+KBPrz9iBlyrgJa6Di8i0j328kSk2SUR53nK5W0kDhw1YxVC91aUR+7EsFKiwJT1iB7oDSwpDhDQPeA==
